
Microsoft Visual Studio Solution File, Format Version 12.00
# Visual Studio Version 16
VisualStudioVersion = 16.0.31005.135
MinimumVisualStudioVersion = 10.0.40219.1
Project("{FAE04EC0-301F-11D3-BF4B-00C04F79EFBC}") = "Final Project", "Final Project\Final Project.csproj", "{79B7C206-E003-49BD-B92B-F9F78DD4CFF8}"
EndProject
Project("{54435603-DBB4-11D2-8724-00A0C9A8B90C}") = "Setup", "Setup\Setup.vdproj", "{FC3B7865-91A4-4FB1-B260-C0849619B306}"
EndProject
Global
	GlobalSection(SolutionConfigurationPlatforms) = preSolution
		Debug|Any CPU = Debug|Any CPU
		Release|Any CPU = Release|Any CPU
	EndGlobalSection
	GlobalSection(ProjectConfigurationPlatforms) = postSolution
		{79B7C206-E003-49BD-B92B-F9F78DD4CFF8}.Debug|Any CPU.ActiveCfg = Debug|Any CPU
		{79B7C206-E003-49BD-B92B-F9F78DD4CFF8}.Debug|Any CPU.Build.0 = Debug|Any CPU
		{79B7C206-E003-49BD-B92B-F9F78DD4CFF8}.Release|Any CPU.ActiveCfg = Release|Any CPU
		{79B7C206-E003-49BD-B92B-F9F78DD4CFF8}.Release|Any CPU.Build.0 = Release|Any CPU
		{FC3B7865-91A4-4FB1-B260-C0849619B306}.Debug|Any CPU.ActiveCfg = Debug
		{FC3B7865-91A4-4FB1-B260-C0849619B306}.Release|Any CPU.ActiveCfg = Release
	EndGlobalSection
	GlobalSection(SolutionProperties) = preSolution
		HideSolutionNode = FALSE
	EndGlobalSection
	GlobalSection(ExtensibilityGlobals) = postSolution
		SolutionGuid = {4D0BB537-ECF8-460D-AE5C-F95FF850EA7F}
	EndGlobalSection
EndGlobal
